// !$*UTF8*$!
{
	archiveVersion = 1;
	classes = {
	};
	objectVersion = 56;
	objects = {

/* Begin PBXBuildFile section */
		BA2A3B4B2C2E2A460030780E /* FlickrSearchApp.swift in Sources */ = {isa = PBXBuildFile; fileRef = BA2A3B4A2C2E2A460030780E /* FlickrSearchApp.swift */; };
		BA2A3B4D2C2E2A460030780E /* ContentView.swift in Sources */ = {isa = PBXBuildFile; fileRef = BA2A3B4C2C2E2A460030780E /* ContentView.swift */; };
		BA2A3B4F2C2E2A490030780E /* Assets.xcassets in Resources */ = {isa = PBXBuildFile; fileRef = BA2A3B4E2C2E2A490030780E /* Assets.xcassets */; };
		BA2A3B522C2E2A490030780E /* Preview Assets.xcassets in Resources */ = {isa = PBXBuildFile; fileRef = BA2A3B512C2E2A490030780E /* Preview Assets.xcassets */; };
		BA2A3B5C2C2E2A490030780E /* FlickrSearchTests.swift in Sources */ = {isa = PBXBuildFile; fileRef = BA2A3B5B2C2E2A490030780E /* FlickrSearchTests.swift */; };
		BA2A3B662C2E2A490030780E /* FlickrSearchUITests.swift in Sources */ = {isa = PBXBuildFile; fileRef = BA2A3B652C2E2A490030780E /* FlickrSearchUITests.swift */; };
		BA2A3B682C2E2A490030780E /* FlickrSearchUITestsLaunchTests.swift in Sources */ = {isa = PBXBuildFile; fileRef = BA2A3B672C2E2A490030780E /* FlickrSearchUITestsLaunchTests.swift */; };
		BA2A3B782C2E37D50030780E /* FlickrModel.swift in Sources */ = {isa = PBXBuildFile; fileRef = BA2A3B772C2E37D50030780E /* FlickrModel.swift */; };
		BA2A3B7A2C2E38270030780E /* FlickrViewModel.swift in Sources */ = {isa = PBXBuildFile; fileRef = BA2A3B792C2E38270030780E /* FlickrViewModel.swift */; };
		BA2A3B7C2C2E38BC0030780E /* DetailView.swift in Sources */ = {isa = PBXBuildFile; fileRef = BA2A3B7B2C2E38BC0030780E /* DetailView.swift */; };
/* End PBXBuildFile section */

/* Begin PBXContainerItemProxy section */
		BA2A3B582C2E2A490030780E /* PBXContainerItemProxy */ = {
			isa = PBXContainerItemProxy;
			containerPortal = BA2A3B3F2C2E2A460030780E /* Project object */;
			proxyType = 1;
			remoteGlobalIDString = BA2A3B462C2E2A460030780E;
			remoteInfo = FlickrSearch;
		};
		BA2A3B622C2E2A490030780E /* PBXContainerItemProxy */ = {
			isa = PBXContainerItemProxy;
			containerPortal = BA2A3B3F2C2E2A460030780E /* Project object */;
			proxyType = 1;
			remoteGlobalIDString = BA2A3B462C2E2A460030780E;
			remoteInfo = FlickrSearch;
		};
/* End PBXContainerItemProxy section */

/* Begin PBXFileReference section */
		BA2A3B472C2E2A460030780E /* FlickrSearch.app */ = {isa = PBXFileReference; explicitFileType = wrapper.application; includeInIndex = 0; path = FlickrSearch.app; sourceTree = BUILT_PRODUCTS_DIR; };
		BA2A3B4A2C2E2A460030780E /* FlickrSearchApp.swift */ = {isa = PBXFileReference; lastKnownFileType = sourcecode.swift; path = FlickrSearchApp.swift; sourceTree = "<group>"; };
		BA2A3B4C2C2E2A460030780E /* ContentView.swift */ = {isa = PBXFileReference; lastKnownFileType = sourcecode.swift; path = ContentView.swift; sourceTree = "<group>"; };
		BA2A3B4E2C2E2A490030780E /* Assets.xcassets */ = {isa = PBXFileReference; lastKnownFileType = folder.assetcatalog; path = Assets.xcassets; sourceTree = "<group>"; };
		BA2A3B512C2E2A490030780E /* Preview Assets.xcassets */ = {isa = PBXFileReference; lastKnownFileType = folder.assetcatalog; path = "Preview Assets.xcassets"; sourceTree = "<group>"; };
		BA2A3B572C2E2A490030780E /* FlickrSearchTests.xctest */ = {isa = PBXFileReference; explicitFileType = wrapper.cfbundle; includeInIndex = 0; path = FlickrSearchTests.xctest; sourceTree = BUILT_PRODUCTS_DIR; };
		BA2A3B5B2C2E2A490030780E /* FlickrSearchTests.swift */ = {isa = PBXFileReference; lastKnownFileType = sourcecode.swift; path = FlickrSearchTests.swift; sourceTree = "<group>"; };
		BA2A3B612C2E2A490030780E /* FlickrSearchUITests.xctest */ = {isa = PBXFileReference; explicitFileType = wrapper.cfbundle; includeInIndex = 0; path = FlickrSearchUITests.xctest; sourceTree = BUILT_PRODUCTS_DIR; };
		BA2A3B652C2E2A490030780E /* FlickrSearchUITests.swift */ = {isa = PBXFileReference; lastKnownFileType = sourcecode.swift; path = FlickrSearchUITests.swift; sourceTree = "<group>"; };
		BA2A3B672C2E2A490030780E /* FlickrSearchUITestsLaunchTests.swift */ = {isa = PBXFileReference; lastKnownFileType = sourcecode.swift; path = FlickrSearchUITestsLaunchTests.swift; sourceTree = "<group>"; };
		BA2A3B772C2E37D50030780E /* FlickrModel.swift */ = {isa = PBXFileReference; lastKnownFileType = sourcecode.swift; path = FlickrModel.swift; sourceTree = "<group>"; };
		BA2A3B792C2E38270030780E /* FlickrViewModel.swift */ = {isa = PBXFileReference; lastKnownFileType = sourcecode.swift; path = FlickrViewModel.swift; sourceTree = "<group>"; };
		BA2A3B7B2C2E38BC0030780E /* DetailView.swift */ = {isa = PBXFileReference; lastKnownFileType = sourcecode.swift; path = DetailView.swift; sourceTree = "<group>"; };
/* End PBXFileReference section */

/* Begin PBXFrameworksBuildPhase section */
		BA2A3B442C2E2A460030780E /* Frameworks */ = {
			isa = PBXFrameworksBuildPhase;
			buildActionMask = 2147483647;
			files = (
			);
			runOnlyForDeploymentPostprocessing = 0;
		};
		BA2A3B542C2E2A490030780E /* Frameworks */ = {
			isa = PBXFrameworksBuildPhase;
			buildActionMask = 2147483647;
			files = (
			);
			runOnlyForDeploymentPostprocessing = 0;
		};
		BA2A3B5E2C2E2A490030780E /* Frameworks */ = {
			isa = PBXFrameworksBuildPhase;
			buildActionMask = 2147483647;
			files = (
			);
			runOnlyForDeploymentPostprocessing = 0;
		};
/* End PBXFrameworksBuildPhase section */

/* Begin PBXGroup section */
		BA2A3B3E2C2E2A460030780E = {
			isa = PBXGroup;
			children = (
				BA2A3B492C2E2A460030780E /* FlickrSearch */,
				BA2A3B5A2C2E2A490030780E /* FlickrSearchTests */,
				BA2A3B642C2E2A490030780E /* FlickrSearchUITests */,
				BA2A3B482C2E2A460030780E /* Products */,
			);
			sourceTree = "<group>";
		};
		BA2A3B482C2E2A460030780E /* Products */ = {
			isa = PBXGroup;
			children = (
				BA2A3B472C2E2A460030780E /* FlickrSearch.app */,
				BA2A3B572C2E2A490030780E /* FlickrSearchTests.xctest */,
				BA2A3B612C2E2A490030780E /* FlickrSearchUITests.xctest */,
			);
			name = Products;
			sourceTree = "<group>";
		};
		BA2A3B492C2E2A460030780E /* FlickrSearch */ = {
			isa = PBXGroup;
			children = (
				BA2A3B742C2E37340030780E /* View */,
				BA2A3B752C2E373F0030780E /* Model */,
				BA2A3B762C2E37480030780E /* ViewModel */,
				BA2A3B4A2C2E2A460030780E /* FlickrSearchApp.swift */,
				BA2A3B4C2C2E2A460030780E /* ContentView.swift */,
				BA2A3B4E2C2E2A490030780E /* Assets.xcassets */,
				BA2A3B502C2E2A490030780E /* Preview Content */,
			);
			path = FlickrSearch;
			sourceTree = "<group>";
		};
		BA2A3B502C2E2A490030780E /* Preview Content */ = {
			isa = PBXGroup;
			children = (
				BA2A3B512C2E2A490030780E /* Preview Assets.xcassets */,
			);
			path = "Preview Content";
			sourceTree = "<group>";
		};
		BA2A3B5A2C2E2A490030780E /* FlickrSearchTests */ = {
			isa = PBXGroup;
			children = (
				BA2A3B5B2C2E2A490030780E /* FlickrSearchTests.swift */,
			);
			path = FlickrSearchTests;
			sourceTree = "<group>";
		};
		BA2A3B642C2E2A490030780E /* FlickrSearchUITests */ = {
			isa = PBXGroup;
			children = (
				BA2A3B652C2E2A490030780E /* FlickrSearchUITests.swift */,
				BA2A3B672C2E2A490030780E /* FlickrSearchUITestsLaunchTests.swift */,
			);
			path = FlickrSearchUITests;
			sourceTree = "<group>";
		};
		BA2A3B742C2E37340030780E /* View */ = {
			isa = PBXGroup;
			children = (
				BA2A3B7B2C2E38BC0030780E /* DetailView.swift */,
			);
			path = View;
			sourceTree = "<group>";
		};
		BA2A3B752C2E373F0030780E /* Model */ = {
			isa = PBXGroup;
			children = (
				BA2A3B772C2E37D50030780E /* FlickrModel.swift */,
			);
			path = Model;
			sourceTree = "<group>";
		};
		BA2A3B762C2E37480030780E /* ViewModel */ = {
			isa = PBXGroup;
			children = (
				BA2A3B792C2E38270030780E /* FlickrViewModel.swift */,
			);
			path = ViewModel;
			sourceTree = "<group>";
		};
/* End PBXGroup section */

/* Begin PBXNativeTarget section */
		BA2A3B462C2E2A460030780E /* FlickrSearch */ = {
			isa = PBXNativeTarget;
			buildConfigurationList = BA2A3B6B2C2E2A490030780E /* Build configuration list for PBXNativeTarget "FlickrSearch" */;
			buildPhases = (
				BA2A3B432C2E2A460030780E /* Sources */,
				BA2A3B442C2E2A460030780E /* Frameworks */,
				BA2A3B452C2E2A460030780E /* Resources */,
			);
			buildRules = (
			);
			dependencies = (
			);
			name = FlickrSearch;
			productName = FlickrSearch;
			productReference = BA2A3B472C2E2A460030780E /* FlickrSearch.app */;
			productType = "com.apple.product-type.application";
		};
		BA2A3B562C2E2A490030780E /* FlickrSearchTests */ = {
			isa = PBXNativeTarget;
			buildConfigurationList = BA2A3B6E2C2E2A490030780E /* Build configuration list for PBXNativeTarget "FlickrSearchTests" */;
			buildPhases = (
				BA2A3B532C2E2A490030780E /* Sources */,
				BA2A3B542C2E2A490030780E /* Frameworks */,
				BA2A3B552C2E2A490030780E /* Resources */,
			);
			buildRules = (
			);
			dependencies = (
				BA2A3B592C2E2A490030780E /* PBXTargetDependency */,
			);
			name = FlickrSearchTests;
			productName = FlickrSearchTests;
			productReference = BA2A3B572C2E2A490030780E /* FlickrSearchTests.xctest */;
			productType = "com.apple.product-type.bundle.unit-test";
		};
		BA2A3B602C2E2A490030780E /* FlickrSearchUITests */ = {
			isa = PBXNativeTarget;
			buildConfigurationList = BA2A3B712C2E2A490030780E /* Build configuration list for PBXNativeTarget "FlickrSearchUITests" */;
			buildPhases = (
				BA2A3B5D2C2E2A490030780E /* Sources */,
				BA2A3B5E2C2E2A490030780E /* Frameworks */,
				BA2A3B5F2C2E2A490030780E /* Resources */,
			);
			buildRules = (
			);
			dependencies = (
				BA2A3B632C2E2A490030780E /* PBXTargetDependency */,
			);
			name = FlickrSearchUITests;
			productName = FlickrSearchUITests;
			productReference = BA2A3B612C2E2A490030780E /* FlickrSearchUITests.xctest */;
			productType = "com.apple.product-type.bundle.ui-testing";
		};
/* End PBXNativeTarget section */

/* Begin PBXProject section */
		BA2A3B3F2C2E2A460030780E /* Project object */ = {
			isa = PBXProject;
			attributes = {
				BuildIndependentTargetsInParallel = 1;
				LastSwiftUpdateCheck = 1540;
				LastUpgradeCheck = 1540;
				TargetAttributes = {
					BA2A3B462C2E2A460030780E = {
						CreatedOnToolsVersion = 15.4;
					};
					BA2A3B562C2E2A490030780E = {
						CreatedOnToolsVersion = 15.4;
						TestTargetID = BA2A3B462C2E2A460030780E;
					};
					BA2A3B602C2E2A490030780E = {
						CreatedOnToolsVersion = 15.4;
						TestTargetID = BA2A3B462C2E2A460030780E;
					};
				};
			};
			buildConfigurationList = BA2A3B422C2E2A460030780E /* Build configuration list for PBXProject "FlickrSearch" */;
			compatibilityVersion = "Xcode 14.0";
			developmentRegion = en;
			hasScannedForEncodings = 0;
			knownRegions = (
				en,
				Base,
			);
			mainGroup = BA2A3B3E2C2E2A460030780E;
			productRefGroup = BA2A3B482C2E2A460030780E /* Products */;
			projectDirPath = "";
			projectRoot = "";
			targets = (
				BA2A3B462C2E2A460030780E /* FlickrSearch */,
				BA2A3B562C2E2A490030780E /* FlickrSearchTests */,
				BA2A3B602C2E2A490030780E /* FlickrSearchUITests */,
			);
		};
/* End PBXProject section */

/* Begin PBXResourcesBuildPhase section */
		BA2A3B452C2E2A460030780E /* Resources */ = {
			isa = PBXResourcesBuildPhase;
			buildActionMask = 2147483647;
			files = (
				BA2A3B522C2E2A490030780E /* Preview Assets.xcassets in Resources */,
				BA2A3B4F2C2E2A490030780E /* Assets.xcassets in Resources */,
			);
			runOnlyForDeploymentPostprocessing = 0;
		};
		BA2A3B552C2E2A490030780E /* Resources */ = {
			isa = PBXResourcesBuildPhase;
			buildActionMask = 2147483647;
			files = (
			);
			runOnlyForDeploymentPostprocessing = 0;
		};
		BA2A3B5F2C2E2A490030780E /* Resources */ = {
			isa = PBXResourcesBuildPhase;
			buildActionMask = 2147483647;
			files = (
			);
			runOnlyForDeploymentPostprocessing = 0;
		};
/* End PBXResourcesBuildPhase section */

/* Begin PBXSourcesBuildPhase section */
		BA2A3B432C2E2A460030780E /* Sources */ = {
			isa = PBXSourcesBuildPhase;
			buildActionMask = 2147483647;
			files = (
				BA2A3B782C2E37D50030780E /* FlickrModel.swift in Sources */,
				BA2A3B4D2C2E2A460030780E /* ContentView.swift in Sources */,
				BA2A3B4B2C2E2A460030780E /* FlickrSearchApp.swift in Sources */,
				BA2A3B7C2C2E38BC0030780E /* DetailView.swift in Sources */,
				BA2A3B7A2C2E38270030780E /* FlickrViewModel.swift in Sources */,
			);
			runOnlyForDeploymentPostprocessing = 0;
		};
		BA2A3B532C2E2A490030780E /* Sources */ = {
			isa = PBXSourcesBuildPhase;
			buildActionMask = 2147483647;
			files = (
				BA2A3B5C2C2E2A490030780E /* FlickrSearchTests.swift in Sources */,
			);
			runOnlyForDeploymentPostprocessing = 0;
		};
		BA2A3B5D2C2E2A490030780E /* Sources */ = {
			isa = PBXSourcesBuildPhase;
			buildActionMask = 2147483647;
			files = (
				BA2A3B662C2E2A490030780E /* FlickrSearchUITests.swift in Sources */,
				BA2A3B682C2E2A490030780E /* FlickrSearchUITestsLaunchTests.swift in Sources */,
			);
			runOnlyForDeploymentPostprocessing = 0;
		};
/* End PBXSourcesBuildPhase section */

/* Begin PBXTargetDependency section */
		BA2A3B592C2E2A490030780E /* PBXTargetDependency */ = {
			isa = PBXTargetDependency;
			target = BA2A3B462C2E2A460030780E /* FlickrSearch */;
			targetProxy = BA2A3B582C2E2A490030780E /* PBXContainerItemProxy */;
		};
		BA2A3B632C2E2A490030780E /* PBXTargetDependency */ = {
			isa = PBXTargetDependency;
			target = BA2A3B462C2E2A460030780E /* FlickrSearch */;
			targetProxy = BA2A3B622C2E2A490030780E /* PBXContainerItemProxy */;
		};
/* End PBXTargetDependency section */

/* Begin XCBuildConfiguration section */
		BA2A3B692C2E2A490030780E /* Debug */ = {
			isa = XCBuildConfiguration;
			buildSettings = {
				ALWAYS_SEARCH_USER_PATHS = NO;
				ASSETCATALOG_COMPILER_GENERATE_SWIFT_ASSET_SYMBOL_EXTENSIONS = YES;
				CLANG_ANALYZER_NONNULL = YES;
				CLANG_ANALYZER_NUMBER_OBJECT_CONVERSION = YES_AGGRESSIVE;
				CLANG_CXX_LANGUAGE_STANDARD = "gnu++20";
				CLANG_ENABLE_MODULES = YES;
				CLANG_ENABLE_OBJC_ARC = YES;
				CLANG_ENABLE_OBJC_WEAK = YES;
				CLANG_WARN_BLOCK_CAPTURE_AUTORELEASING = YES;
				CLANG_WARN_BOOL_CONVERSION = YES;
				CLANG_WARN_COMMA = YES;
				CLANG_WARN_CONSTANT_CONVERSION = YES;
				CLANG_WARN_DEPRECATED_OBJC_IMPLEMENTATIONS = YES;
				CLANG_WARN_DIRECT_OBJC_ISA_USAGE = YES_ERROR;
				CLANG_WARN_DOCUMENTATION_COMMENTS = YES;
				CLANG_WARN_EMPTY_BODY = YES;
				CLANG_WARN_ENUM_CONVERSION = YES;
				CLANG_WARN_INFINITE_RECURSION = YES;
				CLANG_WARN_INT_CONVERSION = YES;
				CLANG_WARN_NON_LITERAL_NULL_CONVERSION = YES;
				CLANG_WARN_OBJC_IMPLICIT_RETAIN_SELF = YES;
				CLANG_WARN_OBJC_LITERAL_CONVERSION = YES;
				CLANG_WARN_OBJC_ROOT_CLASS = YES_ERROR;
				CLANG_WARN_QUOTED_INCLUDE_IN_FRAMEWORK_HEADER = YES;
				CLANG_WARN_RANGE_LOOP_ANALYSIS = YES;
				CLANG_WARN_STRICT_PROTOTYPES = YES;
				CLANG_WARN_SUSPICIOUS_MOVE = YES;
				CLANG_WARN_UNGUARDED_AVAILABILITY = YES_AGGRESSIVE;
				CLANG_WARN_UNREACHABLE_CODE = YES;
				CLANG_WARN__DUPLICATE_METHOD_MATCH = YES;
				COPY_PHASE_STRIP = NO;
				DEBUG_INFORMATION_FORMAT = dwarf;
				ENABLE_STRICT_OBJC_MSGSEND = YES;
				ENABLE_TESTABILITY = YES;
				ENABLE_USER_SCRIPT_SANDBOXING = YES;
				GCC_C_LANGUAGE_STANDARD = gnu17;
				GCC_DYNAMIC_NO_PIC = NO;
				GCC_NO_COMMON_BLOCKS = YES;
				GCC_OPTIMIZATION_LEVEL = 0;
				GCC_PREPROCESSOR_DEFINITIONS = (
					"DEBUG=1",
					"$(inherited)",
				);
				GCC_WARN_64_TO_32_BIT_CONVERSION = YES;
				GCC_WARN_ABOUT_RETURN_TYPE = YES_ERROR;
				GCC_WARN_UNDECLARED_SELECTOR = YES;
				GCC_WARN_UNINITIALIZED_AUTOS = YES_AGGRESSIVE;
				GCC_WARN_UNUSED_FUNCTION = YES;
				GCC_WARN_UNUSED_VARIABLE = YES;
				IPHONEOS_DEPLOYMENT_TARGET = 17.5;
				LOCALIZATION_PREFERS_STRING_CATALOGS = YES;
				MTL_ENABLE_DEBUG_INFO = INCLUDE_SOURCE;
				MTL_FAST_MATH = YES;
				ONLY_ACTIVE_ARCH = YES;
				SDKROOT = iphoneos;
				SWIFT_ACTIVE_COMPILATION_CONDITIONS = "DEBUG $(inherited)";
				SWIFT_OPTIMIZATION_LEVEL = "-Onone";
			};
			name = Debug;
		};
		BA2A3B6A2C2E2A490030780E /* Release */ = {
			isa = XCBuildConfiguration;
			buildSettings = {
				ALWAYS_SEARCH_USER_PATHS = NO;
				ASSETCATALOG_COMPILER_GENERATE_SWIFT_ASSET_SYMBOL_EXTENSIONS = YES;
				CLANG_ANALYZER_NONNULL = YES;
				CLANG_ANALYZER_NUMBER_OBJECT_CONVERSION = YES_AGGRESSIVE;
				CLANG_CXX_LANGUAGE_STANDARD = "gnu++20";
				CLANG_ENABLE_MODULES = YES;
				CLANG_ENABLE_OBJC_ARC = YES;
				CLANG_ENABLE_OBJC_WEAK = YES;
				CLANG_WARN_BLOCK_CAPTURE_AUTORELEASING = YES;
				CLANG_WARN_BOOL_CONVERSION = YES;
				CLANG_WARN_COMMA = YES;
				CLANG_WARN_CONSTANT_CONVERSION = YES;
				CLANG_WARN_DEPRECATED_OBJC_IMPLEMENTATIONS = YES;
				CLANG_WARN_DIRECT_OBJC_ISA_USAGE = YES_ERROR;
				CLANG_WARN_DOCUMENTATION_COMMENTS = YES;
				CLANG_WARN_EMPTY_BODY = YES;
				CLANG_WARN_ENUM_CONVERSION = YES;
				CLANG_WARN_INFINITE_RECURSION = YES;
				CLANG_WARN_INT_CONVERSION = YES;
				CLANG_WARN_NON_LITERAL_NULL_CONVERSION = YES;
				CLANG_WARN_OBJC_IMPLICIT_RETAIN_SELF = YES;
				CLANG_WARN_OBJC_LITERAL_CONVERSION = YES;
				CLANG_WARN_OBJC_ROOT_CLASS = YES_ERROR;
				CLANG_WARN_QUOTED_INCLUDE_IN_FRAMEWORK_HEADER = YES;
				CLANG_WARN_RANGE_LOOP_ANALYSIS = YES;
				CLANG_WARN_STRICT_PROTOTYPES = YES;
				CLANG_WARN_SUSPICIOUS_MOVE = YES;
				CLANG_WARN_UNGUARDED_AVAILABILITY = YES_AGGRESSIVE;
				CLANG_WARN_UNREACHABLE_CODE = YES;
				CLANG_WARN__DUPLICATE_METHOD_MATCH = YES;
				COPY_PHASE_STRIP = NO;
				DEBUG_INFORMATION_FORMAT = "dwarf-with-dsym";
				ENABLE_NS_ASSERTIONS = NO;
				ENABLE_STRICT_OBJC_MSGSEND = YES;
				ENABLE_USER_SCRIPT_SANDBOXING = YES;
				GCC_C_LANGUAGE_STANDARD = gnu17;
				GCC_NO_COMMON_BLOCKS = YES;
				GCC_WARN_64_TO_32_BIT_CONVERSION = YES;
				GCC_WARN_ABOUT_RETURN_TYPE = YES_ERROR;
				GCC_WARN_UNDECLARED_SELECTOR = YES;
				GCC_WARN_UNINITIALIZED_AUTOS = YES_AGGRESSIVE;
				GCC_WARN_UNUSED_FUNCTION = YES;
				GCC_WARN_UNUSED_VARIABLE = YES;
				IPHONEOS_DEPLOYMENT_TARGET = 17.5;
				LOCALIZATION_PREFERS_STRING_CATALOGS = YES;
				MTL_ENABLE_DEBUG_INFO = NO;
				MTL_FAST_MATH = YES;
				SDKROOT = iphoneos;
				SWIFT_COMPILATION_MODE = wholemodule;
				VALIDATE_PRODUCT = YES;
			};
			name = Release;
		};
		BA2A3B6C2C2E2A490030780E /* Debug */ = {
			isa = XCBuildConfiguration;
			buildSettings = {
				ASSETCATALOG_COMPILER_APPICON_NAME = AppIcon;
				ASSETCATALOG_COMPILER_GLOBAL_ACCENT_COLOR_NAME = AccentColor;
				CODE_SIGN_STYLE = Automatic;
				CURRENT_PROJECT_VERSION = 1;
				DEVELOPMENT_ASSET_PATHS = "\"FlickrSearch/Preview Content\"";
				DEVELOPMENT_TEAM = 73CYK26SC8;
				ENABLE_PREVIEWS = YES;
				GENERATE_INFOPLIST_FILE = YES;
				INFOPLIST_KEY_UIApplicationSceneManifest_Generation = YES;
				INFOPLIST_KEY_UIApplicationSupportsIndirectInputEvents = YES;
				INFOPLIST_KEY_UILaunchScreen_Generation = YES;
				INFOPLIST_KEY_UISupportedInterfaceOrientations_iPad = "UIInterfaceOrientationPortrait UIInterfaceOrientationPortraitUpsideDown UIInterfaceOrientationLandscapeLeft UIInterfaceOrientationLandscapeRight";
				INFOPLIST_KEY_UISupportedInterfaceOrientations_iPhone = "UIInterfaceOrientationPortrait UIInterfaceOrientationLandscapeLeft UIInterfaceOrientationLandscapeRight";
				LD_RUNPATH_SEARCH_PATHS = (
					"$(inherited)",
					"@executable_path/Frameworks",
				);
				MARKETING_VERSION = 1.0;
				PRODUCT_BUNDLE_IDENTIFIER = com.tauseef.FlickrSearch;
				PRODUCT_NAME = "$(TARGET_NAME)";
				SWIFT_EMIT_LOC_STRINGS = YES;
				SWIFT_VERSION = 5.0;
				TARGETED_DEVICE_FAMILY = "1,2";
			};
			name = Debug;
		};
		BA2A3B6D2C2E2A490030780E /* Release */ = {
			isa = XCBuildConfiguration;
			buildSettings = {
				ASSETCATALOG_COMPILER_APPICON_NAME = AppIcon;
				ASSETCATALOG_COMPILER_GLOBAL_ACCENT_COLOR_NAME = AccentColor;
				CODE_SIGN_STYLE = Automatic;
				CURRENT_PROJECT_VERSION = 1;
				DEVELOPMENT_ASSET_PATHS = "\"FlickrSearch/Preview Content\"";
				DEVELOPMENT_TEAM = 73CYK26SC8;
				ENABLE_PREVIEWS = YES;
				GENERATE_INFOPLIST_FILE = YES;
				INFOPLIST_KEY_UIApplicationSceneManifest_Generation = YES;
				INFOPLIST_KEY_UIApplicationSupportsIndirectInputEvents = YES;
				INFOPLIST_KEY_UILaunchScreen_Generation = YES;
				INFOPLIST_KEY_UISupportedInterfaceOrientations_iPad = "UIInterfaceOrientationPortrait UIInterfaceOrientationPortraitUpsideDown UIInterfaceOrientationLandscapeLeft UIInterfaceOrientationLandscapeRight";
				INFOPLIST_KEY_UISupportedInterfaceOrientations_iPhone = "UIInterfaceOrientationPortrait UIInterfaceOrientationLandscapeLeft UIInterfaceOrientationLandscapeRight";
				LD_RUNPATH_SEARCH_PATHS = (
					"$(inherited)",
					"@executable_path/Frameworks",
				);
				MARKETING_VERSION = 1.0;
				PRODUCT_BUNDLE_IDENTIFIER = com.tauseef.FlickrSearch;
				PRODUCT_NAME = "$(TARGET_NAME)";
				SWIFT_EMIT_LOC_STRINGS = YES;
				SWIFT_VERSION = 5.0;
				TARGETED_DEVICE_FAMILY = "1,2";
			};
			name = Release;
		};
		BA2A3B6F2C2E2A490030780E /* Debug */ = {
			isa = XCBuildConfiguration;
			buildSettings = {
				ALWAYS_EMBED_SWIFT_STANDARD_LIBRARIES = YES;
				BUNDLE_LOADER = "$(TEST_HOST)";
				CODE_SIGN_STYLE = Automatic;
				CURRENT_PROJECT_VERSION = 1;
				DEVELOPMENT_TEAM = 73CYK26SC8;
				GENERATE_INFOPLIST_FILE = YES;
				IPHONEOS_DEPLOYMENT_TARGET = 17.5;
				MARKETING_VERSION = 1.0;
				PRODUCT_BUNDLE_IDENTIFIER = com.tauseef.FlickrSearchTests;
				PRODUCT_NAME = "$(TARGET_NAME)";
				SWIFT_EMIT_LOC_STRINGS = NO;
				SWIFT_VERSION = 5.0;
				TARGETED_DEVICE_FAMILY = "1,2";
				TEST_HOST = "$(BUILT_PRODUCTS_DIR)/FlickrSearch.app/$(BUNDLE_EXECUTABLE_FOLDER_PATH)/FlickrSearch";
			};
			name = Debug;
		};
		BA2A3B702C2E2A490030780E /* Release */ = {
			isa = XCBuildConfiguration;
			buildSettings = {
				ALWAYS_EMBED_SWIFT_STANDARD_LIBRARIES = YES;
				BUNDLE_LOADER = "$(TEST_HOST)";
				CODE_SIGN_STYLE = Automatic;
				CURRENT_PROJECT_VERSION = 1;
				DEVELOPMENT_TEAM = 73CYK26SC8;
				GENERATE_INFOPLIST_FILE = YES;
				IPHONEOS_DEPLOYMENT_TARGET = 17.5;
				MARKETING_VERSION = 1.0;
				PRODUCT_BUNDLE_IDENTIFIER = com.tauseef.FlickrSearchTests;
				PRODUCT_NAME = "$(TARGET_NAME)";
				SWIFT_EMIT_LOC_STRINGS = NO;
				SWIFT_VERSION = 5.0;
				TARGETED_DEVICE_FAMILY = "1,2";
				TEST_HOST = "$(BUILT_PRODUCTS_DIR)/FlickrSearch.app/$(BUNDLE_EXECUTABLE_FOLDER_PATH)/FlickrSearch";
			};
			name = Release;
		};
		BA2A3B722C2E2A490030780E /* Debug */ = {
			isa = XCBuildConfiguration;
			buildSettings = {
				ALWAYS_EMBED_SWIFT_STANDARD_LIBRARIES = YES;
				CODE_SIGN_STYLE = Automatic;
				CURRENT_PROJECT_VERSION = 1;
				DEVELOPMENT_TEAM = 73CYK26SC8;
				GENERATE_INFOPLIST_FILE = YES;
				MARKETING_VERSION = 1.0;
				PRODUCT_BUNDLE_IDENTIFIER = com.tauseef.FlickrSearchUITests;
				PRODUCT_NAME = "$(TARGET_NAME)";
				SWIFT_EMIT_LOC_STRINGS = NO;
				SWIFT_VERSION = 5.0;
				TARGETED_DEVICE_FAMILY = "1,2";
				TEST_TARGET_NAME = FlickrSearch;
			};
			name = Debug;
		};
		BA2A3B732C2E2A490030780E /* Release */ = {
			isa = XCBuildConfiguration;
			buildSettings = {
				ALWAYS_EMBED_SWIFT_STANDARD_LIBRARIES = YES;
				CODE_SIGN_STYLE = Automatic;
				CURRENT_PROJECT_VERSION = 1;
				DEVELOPMENT_TEAM = 73CYK26SC8;
				GENERATE_INFOPLIST_FILE = YES;
				MARKETING_VERSION = 1.0;
				PRODUCT_BUNDLE_IDENTIFIER = com.tauseef.FlickrSearchUITests;
				PRODUCT_NAME = "$(TARGET_NAME)";
				SWIFT_EMIT_LOC_STRINGS = NO;
				SWIFT_VERSION = 5.0;
				TARGETED_DEVICE_FAMILY = "1,2";
				TEST_TARGET_NAME = FlickrSearch;
			};
			name = Release;
		};
/* End XCBuildConfiguration section */

/* Begin XCConfigurationList section */
		BA2A3B422C2E2A460030780E /* Build configuration list for PBXProject "FlickrSearch" */ = {
			isa = XCConfigurationList;
			buildConfigurations = (
				BA2A3B692C2E2A490030780E /* Debug */,
				BA2A3B6A2C2E2A490030780E /* Release */,
			);
			defaultConfigurationIsVisible = 0;
			defaultConfigurationName = Release;
		};
		BA2A3B6B2C2E2A490030780E /* Build configuration list for PBXNativeTarget "FlickrSearch" */ = {
			isa = XCConfigurationList;
			buildConfigurations = (
				BA2A3B6C2C2E2A490030780E /* Debug */,
				BA2A3B6D2C2E2A490030780E /* Release */,
			);
			defaultConfigurationIsVisible = 0;
			defaultConfigurationName = Release;
		};
		BA2A3B6E2C2E2A490030780E /* Build configuration list for PBXNativeTarget "FlickrSearchTests" */ = {
			isa = XCConfigurationList;
			buildConfigurations = (
				BA2A3B6F2C2E2A490030780E /* Debug */,
				BA2A3B702C2E2A490030780E /* Release */,
			);
			defaultConfigurationIsVisible = 0;
			defaultConfigurationName = Release;
		};
		BA2A3B712C2E2A490030780E /* Build configuration list for PBXNativeTarget "FlickrSearchUITests" */ = {
			isa = XCConfigurationList;
			buildConfigurations = (
				BA2A3B722C2E2A490030780E /* Debug */,
				BA2A3B732C2E2A490030780E /* Release */,
			);
			defaultConfigurationIsVisible = 0;
			defaultConfigurationName = Release;
		};
/* End XCConfigurationList section */
	};
	rootObject = BA2A3B3F2C2E2A460030780E /* Project object */;
}
